// !$*UTF8*$!
{
	archiveVersion = 1;
	classes = {
	};
	objectVersion = 46;
	objects = {

/* Begin PBXBuildFile section */
		2FAFE9CA1F8268360003EF5B /* AppDelegate.swift in Sources */ = {isa = PBXBuildFile; fileRef = 2FAFE9C91F8268360003EF5B /* AppDelegate.swift */; };
		2FAFE9CC1F8268360003EF5B /* ViewController.swift in Sources */ = {isa = PBXBuildFile; fileRef = 2FAFE9CB1F8268360003EF5B /* ViewController.swift */; };
		2FAFE9CF1F8268360003EF5B /* Main.storyboard in Resources */ = {isa = PBXBuildFile; fileRef = 2FAFE9CD1F8268360003EF5B /* Main.storyboard */; };
		2FAFE9D21F8268360003EF5B /* DreamLister2.xcdatamodeld in Sources */ = {isa = PBXBuildFile; fileRef = 2FAFE9D01F8268360003EF5B /* DreamLister2.xcdatamodeld */; };
		2FAFE9D41F8268360003EF5B /* Assets.xcassets in Resources */ = {isa = PBXBuildFile; fileRef = 2FAFE9D31F8268360003EF5B /* Assets.xcassets */; };
		2FAFE9D71F8268360003EF5B /* LaunchScreen.storyboard in Resources */ = {isa = PBXBuildFile; fileRef = 2FAFE9D51F8268360003EF5B /* LaunchScreen.storyboard */; };
/* End PBXBuildFile section */

/* Begin PBXFileReference section */
		2FAFE9C61F8268360003EF5B /* DreamLister2.app */ = {isa = PBXFileReference; explicitFileType = wrapper.application; includeInIndex = 0; path = DreamLister2.app; sourceTree = BUILT_PRODUCTS_DIR; };
		2FAFE9C91F8268360003EF5B /* AppDelegate.swift */ = {isa = PBXFileReference; lastKnownFileType = sourcecode.swift; path = AppDelegate.swift; sourceTree = "<group>"; };
		2FAFE9CB1F8268360003EF5B /* ViewController.swift */ = {isa = PBXFileReference; lastKnownFileType = sourcecode.swift; path = ViewController.swift; sourceTree = "<group>"; };
		2FAFE9CE1F8268360003EF5B /* Base */ = {isa = PBXFileReference; lastKnownFileType = file.storyboard; name = Base; path = Base.lproj/Main.storyboard; sourceTree = "<group>"; };
		2FAFE9D11F8268360003EF5B /* DreamLister2.xcdatamodel */ = {isa = PBXFileReference; lastKnownFileType = wrapper.xcdatamodel; path = DreamLister2.xcdatamodel; sourceTree = "<group>"; };
		2FAFE9D31F8268360003EF5B /* Assets.xcassets */ = {isa = PBXFileReference; lastKnownFileType = folder.assetcatalog; path = Assets.xcassets; sourceTree = "<group>"; };
		2FAFE9D61F8268360003EF5B /* Base */ = {isa = PBXFileReference; lastKnownFileType = file.storyboard; name = Base; path = Base.lproj/LaunchScreen.storyboard; sourceTree = "<group>"; };
		2FAFE9D81F8268360003EF5B /* Info.plist */ = {isa = PBXFileReference; lastKnownFileType = text.plist.xml; path = Info.plist; sourceTree = "<group>"; };
/* End PBXFileReference section */

/* Begin PBXFrameworksBuildPhase section */
		2FAFE9C31F8268360003EF5B /* Frameworks */ = {
			isa = PBXFrameworksBuildPhase;
			buildActionMask = 2147483647;
			files = (
			);
			runOnlyForDeploymentPostprocessing = 0;
		};
/* End PBXFrameworksBuildPhase section */

/* Begin PBXGroup section */
		2FAFE9BD1F8268360003EF5B = {
			isa = PBXGroup;
			children = (
				2FAFE9C81F8268360003EF5B /* DreamLister2 */,
				2FAFE9C71F8268360003EF5B /* Products */,
			);
			sourceTree = "<group>";
		};
		2FAFE9C71F8268360003EF5B /* Products */ = {
			isa = PBXGroup;
			children = (
				2FAFE9C61F8268360003EF5B /* DreamLister2.app */,
			);
			name = Products;
			sourceTree = "<group>";
		};
		2FAFE9C81F8268360003EF5B /* DreamLister2 */ = {
			isa = PBXGroup;
			children = (
				2FAFE9C91F8268360003EF5B /* AppDelegate.swift */,
				2FAFE9CB1F8268360003EF5B /* ViewController.swift */,
				2FAFE9CD1F8268360003EF5B /* Main.storyboard */,
				2FAFE9D31F8268360003EF5B /* Assets.xcassets */,
				2FAFE9D51F8268360003EF5B /* LaunchScreen.storyboard */,
				2FAFE9D81F8268360003EF5B /* Info.plist */,
				2FAFE9D01F8268360003EF5B /* DreamLister2.xcdatamodeld */,
			);
			path = DreamLister2;
			sourceTree = "<group>";
		};
/* End PBXGroup section */

/* Begin PBXNativeTarget section */
		2FAFE9C51F8268360003EF5B /* DreamLister2 */ = {
			isa = PBXNativeTarget;
			buildConfigurationList = 2FAFE9DB1F8268360003EF5B /* Build configuration list for PBXNativeTarget "DreamLister2" */;
			buildPhases = (
				2FAFE9C21F8268360003EF5B /* Sources */,
				2FAFE9C31F8268360003EF5B /* Frameworks */,
				2FAFE9C41F8268360003EF5B /* Resources */,
			);
			buildRules = (
			);
			dependencies = (
			);
			name = DreamLister2;
			productName = DreamLister2;
			productReference = 2FAFE9C61F8268360003EF5B /* DreamLister2.app */;
			productType = "com.apple.product-type.application";
		};
/* End PBXNativeTarget section */

/* Begin PBXProject section */
		2FAFE9BE1F8268360003EF5B /* Project object */ = {
			isa = PBXProject;
			attributes = {
				LastSwiftUpdateCheck = 0830;
				LastUpgradeCheck = 0830;
				ORGANIZATIONNAME = exxe;
				TargetAttributes = {
					2FAFE9C51F8268360003EF5B = {
						CreatedOnToolsVersion = 8.3.3;
						DevelopmentTeam = 26S7LY8D22;
						ProvisioningStyle = Automatic;
					};
				};
			};
			buildConfigurationList = 2FAFE9C11F8268360003EF5B /* Build configuration list for PBXProject "DreamLister2" */;
			compatibilityVersion = "Xcode 3.2";
			developmentRegion = English;
			hasScannedForEncodings = 0;
			knownRegions = (
				en,
				Base,
			);
			mainGroup = 2FAFE9BD1F8268360003EF5B;
			productRefGroup = 2FAFE9C71F8268360003EF5B /* Products */;
			projectDirPath = "";
			projectRoot = "";
			targets = (
				2FAFE9C51F8268360003EF5B /* DreamLister2 */,
			);
		};
/* End PBXProject section */

/* Begin PBXResourcesBuildPhase section */
		2FAFE9C41F8268360003EF5B /* Resources */ = {
			isa = PBXResourcesBuildPhase;
			buildActionMask = 2147483647;
			files = (
				2FAFE9D71F8268360003EF5B /* LaunchScreen.storyboard in Resources */,
				2FAFE9D41F8268360003EF5B /* Assets.xcassets in Resources */,
				2FAFE9CF1F8268360003EF5B /* Main.storyboard in Resources */,
			);
			runOnlyForDeploymentPostprocessing = 0;
		};
/* End PBXResourcesBuildPhase section */

/* Begin PBXSourcesBuildPhase section */
		2FAFE9C21F8268360003EF5B /* Sources */ = {
			isa = PBXSourcesBuildPhase;
			buildActionMask = 2147483647;
			files = (
				2FAFE9CC1F8268360003EF5B /* ViewController.swift in Sources */,
				2FAFE9D21F8268360003EF5B /* DreamLister2.xcdatamodeld in Sources */,
				2FAFE9CA1F8268360003EF5B /* AppDelegate.swift in Sources */,
			);
			runOnlyForDeploymentPostprocessing = 0;
		};
/* End PBXSourcesBuildPhase section */

/* Begin PBXVariantGroup section */
		2FAFE9CD1F8268360003EF5B /* Main.storyboard */ = {
			isa = PBXVariantGroup;
			children = (
				2FAFE9CE1F8268360003EF5B /* Base */,
			);
			name = Main.storyboard;
			sourceTree = "<group>";
		};
		2FAFE9D51F8268360003EF5B /* LaunchScreen.storyboard */ = {
			isa = PBXVariantGroup;
			children = (
				2FAFE9D61F8268360003EF5B /* Base */,
			);
			name = LaunchScreen.storyboard;
			sourceTree = "<group>";
		};
/* End PBXVariantGroup section */

/* Begin XCBuildConfiguration section */
		2FAFE9D91F8268360003EF5B /* Debug */ = {
			isa = XCBuildConfiguration;
			buildSettings = {
				ALWAYS_SEARCH_USER_PATHS = NO;
				CLANG_ANALYZER_NONNULL = YES;
				CLANG_ANALYZER_NUMBER_OBJECT_CONVERSION = YES_AGGRESSIVE;
				CLANG_CXX_LANGUAGE_STANDARD = "gnu++0x";
				CLANG_CXX_LIBRARY = "libc++";
				CLANG_ENABLE_MODULES = YES;
				CLANG_ENABLE_OBJC_ARC = YES;
				CLANG_WARN_BOOL_CONVERSION = YES;
				CLANG_WARN_CONSTANT_CONVERSION = YES;
				CLANG_WARN_DIRECT_OBJC_ISA_USAGE = YES_ERROR;
				CLANG_WARN_DOCUMENTATION_COMMENTS = YES;
				CLANG_WARN_EMPTY_BODY = YES;
				CLANG_WARN_ENUM_CONVERSION = YES;
				CLANG_WARN_INFINITE_RECURSION = YES;
				CLANG_WARN_INT_CONVERSION = YES;
				CLANG_WARN_OBJC_ROOT_CLASS = YES_ERROR;
				CLANG_WARN_SUSPICIOUS_MOVE = YES;
				CLANG_WARN_UNREACHABLE_CODE = YES;
				CLANG_WARN__DUPLICATE_METHOD_MATCH = YES;
				"CODE_SIGN_IDENTITY[sdk=iphoneos*]" = "iPhone Developer";
				COPY_PHASE_STRIP = NO;
				DEBUG_INFORMATION_FORMAT = dwarf;
				ENABLE_STRICT_OBJC_MSGSEND = YES;
				ENABLE_TESTABILITY = YES;
				GCC_C_LANGUAGE_STANDARD = gnu99;
				GCC_DYNAMIC_NO_PIC = NO;
				GCC_NO_COMMON_BLOCKS = YES;
				GCC_OPTIMIZATION_LEVEL = 0;
				GCC_PREPROCESSOR_DEFINITIONS = (
					"DEBUG=1",
					"$(inherited)",
				);
				GCC_WARN_64_TO_32_BIT_CONVERSION = YES;
				GCC_WARN_ABOUT_RETURN_TYPE = YES_ERROR;
				GCC_WARN_UNDECLARED_SELECTOR = YES;
				GCC_WARN_UNINITIALIZED_AUTOS = YES_AGGRESSIVE;
				GCC_WARN_UNUSED_FUNCTION = YES;
				GCC_WARN_UNUSED_VARIABLE = YES;
				IPHONEOS_DEPLOYMENT_TARGET = 10.3;
				MTL_ENABLE_DEBUG_INFO = YES;
				ONLY_ACTIVE_ARCH = YES;
				SDKROOT = iphoneos;
				SWIFT_ACTIVE_COMPILATION_CONDITIONS = DEBUG;
				SWIFT_OPTIMIZATION_LEVEL = "-Onone";
			};
			name = Debug;
		};
		2FAFE9DA1F8268360003EF5B /* Release */ = {
			isa = XCBuildConfiguration;
			buildSettings = {
				ALWAYS_SEARCH_USER_PATHS = NO;
				CLANG_ANALYZER_NONNULL = YES;
				CLANG_ANALYZER_NUMBER_OBJECT_CONVERSION = YES_AGGRESSIVE;
				CLANG_CXX_LANGUAGE_STANDARD = "gnu++0x";
				CLANG_CXX_LIBRARY = "libc++";
				CLANG_ENABLE_MODULES = YES;
				CLANG_ENABLE_OBJC_ARC = YES;
				CLANG_WARN_BOOL_CONVERSION = YES;
				CLANG_WARN_CONSTANT_CONVERSION = YES;
				CLANG_WARN_DIRECT_OBJC_ISA_USAGE = YES_ERROR;
				CLANG_WARN_DOCUMENTATION_COMMENTS = YES;
				CLANG_WARN_EMPTY_BODY = YES;
				CLANG_WARN_ENUM_CONVERSION = YES;
				CLANG_WARN_INFINITE_RECURSION = YES;
				CLANG_WARN_INT_CONVERSION = YES;
				CLANG_WARN_OBJC_ROOT_CLASS = YES_ERROR;
				CLANG_WARN_SUSPICIOUS_MOVE = YES;
				CLANG_WARN_UNREACHABLE_CODE = YES;
				CLANG_WARN__DUPLICATE_METHOD_MATCH = YES;
				"CODE_SIGN_IDENTITY[sdk=iphoneos*]" = "iPhone Developer";
				COPY_PHASE_STRIP = NO;
				DEBUG_INFORMATION_FORMAT = "dwarf-with-dsym";
				ENABLE_NS_ASSERTIONS = NO;
				ENABLE_STRICT_OBJC_MSGSEND = YES;
				GCC_C_LANGUAGE_STANDARD = gnu99;
				GCC_NO_COMMON_BLOCKS = YES;
				GCC_WARN_64_TO_32_BIT_CONVERSION = YES;
				GCC_WARN_ABOUT_RETURN_TYPE = YES_ERROR;
				GCC_WARN_UNDECLARED_SELECTOR = YES;
				GCC_WARN_UNINITIALIZED_AUTOS = YES_AGGRESSIVE;
				GCC_WARN_UNUSED_FUNCTION = YES;
				GCC_WARN_UNUSED_VARIABLE = YES;
				IPHONEOS_DEPLOYMENT_TARGET = 10.3;
				MTL_ENABLE_DEBUG_INFO = NO;
				SDKROOT = iphoneos;
				SWIFT_OPTIMIZATION_LEVEL = "-Owholemodule";
				VALIDATE_PRODUCT = YES;
			};
			name = Release;
		};
		2FAFE9DC1F8268360003EF5B /* Debug */ = {
			isa = XCBuildConfiguration;
			buildSettings = {
				ASSETCATALOG_COMPILER_APPICON_NAME = AppIcon;
				DEVELOPMENT_TEAM = 26S7LY8D22;
				INFOPLIST_FILE = DreamLister2/Info.plist;
				LD_RUNPATH_SEARCH_PATHS = "$(inherited) @executable_path/Frameworks";
				PRODUCT_BUNDLE_IDENTIFIER = com.exxeapp.DreamLister2;
				PRODUCT_NAME = "$(TARGET_NAME)";
				SWIFT_VERSION = 3.0;
			};
			name = Debug;
		};
		2FAFE9DD1F8268360003EF5B /* Release */ = {
			isa = XCBuildConfiguration;
			buildSettings = {
				ASSETCATALOG_COMPILER_APPICON_NAME = AppIcon;
				DEVELOPMENT_TEAM = 26S7LY8D22;
				INFOPLIST_FILE = DreamLister2/Info.plist;
				LD_RUNPATH_SEARCH_PATHS = "$(inherited) @executable_path/Frameworks";
				PRODUCT_BUNDLE_IDENTIFIER = com.exxeapp.DreamLister2;
				PRODUCT_NAME = "$(TARGET_NAME)";
				SWIFT_VERSION = 3.0;
			};
			name = Release;
		};
/* End XCBuildConfiguration section */

/* Begin XCConfigurationList section */
		2FAFE9C11F8268360003EF5B /* Build configuration list for PBXProject "DreamLister2" */ = {
			isa = XCConfigurationList;
			buildConfigurations = (
				2FAFE9D91F8268360003EF5B /* Debug */,
				2FAFE9DA1F8268360003EF5B /* Release */,
			);
			defaultConfigurationIsVisible = 0;
			defaultConfigurationName = Release;
		};
		2FAFE9DB1F8268360003EF5B /* Build configuration list for PBXNativeTarget "DreamLister2" */ = {
			isa = XCConfigurationList;
			buildConfigurations = (
				2FAFE9DC1F8268360003EF5B /* Debug */,
				2FAFE9DD1F8268360003EF5B /* Release */,
			);
			defaultConfigurationIsVisible = 0;
		};
/* End XCConfigurationList section */

/* Begin XCVersionGroup section */
		2FAFE9D01F8268360003EF5B /* DreamLister2.xcdatamodeld */ = {
			isa = XCVersionGroup;
			children = (
				2FAFE9D11F8268360003EF5B /* DreamLister2.xcdatamodel */,
			);
			currentVersion = 2FAFE9D11F8268360003EF5B /* DreamLister2.xcdatamodel */;
			path = DreamLister2.xcdatamodeld;
			sourceTree = "<group>";
			versionGroupType = wrapper.xcdatamodel;
		};
/* End XCVersionGroup section */
	};
	rootObject = 2FAFE9BE1F8268360003EF5B /* Project object */;
}
